
Microsoft Visual Studio Solution File, Format Version 12.00
# Visual Studio Version 17
VisualStudioVersion = 17.0.31919.166
MinimumVisualStudioVersion = 10.0.40219.1
Project("{9A19103F-16F7-4668-BE54-9A1E7A4F7556}") = "AlgoritmoDeAgrupamiento", "AlgoritmoDeAgrupamiento\AlgoritmoDeAgrupamiento.csproj", "{7A2FC282-7DF9-49D5-B8D6-DFAC40B80DA3}"
EndProject
Project("{9A19103F-16F7-4668-BE54-9A1E7A4F7556}") = "IHeapMax", "HeapMax\IHeapMax.csproj", "{C47CDC54-F1A1-4D85-A1FF-75697C21A97E}"
EndProject
Project("{9A19103F-16F7-4668-BE54-9A1E7A4F7556}") = "HeapMax_", "HeapMax_\HeapMax_.csproj", "{7E13A76B-1F8A-4415-A5E8-DD35A63A2BE3}"
EndProject
Project("{9A19103F-16F7-4668-BE54-9A1E7A4F7556}") = "Algoritm", "Algoritm\Algoritm.csproj", "{C626A652-C7EE-443B-BF72-93140EB05856}"
EndProject
Global
	GlobalSection(SolutionConfigurationPlatforms) = preSolution
		Debug|Any CPU = Debug|Any CPU
		Release|Any CPU = Release|Any CPU
	EndGlobalSection
	GlobalSection(ProjectConfigurationPlatforms) = postSolution
		{7A2FC282-7DF9-49D5-B8D6-DFAC40B80DA3}.Debug|Any CPU.ActiveCfg = Debug|Any CPU
		{7A2FC282-7DF9-49D5-B8D6-DFAC40B80DA3}.Debug|Any CPU.Build.0 = Debug|Any CPU
		{7A2FC282-7DF9-49D5-B8D6-DFAC40B80DA3}.Release|Any CPU.ActiveCfg = Release|Any CPU
		{7A2FC282-7DF9-49D5-B8D6-DFAC40B80DA3}.Release|Any CPU.Build.0 = Release|Any CPU
		{C47CDC54-F1A1-4D85-A1FF-75697C21A97E}.Debug|Any CPU.ActiveCfg = Debug|Any CPU
		{C47CDC54-F1A1-4D85-A1FF-75697C21A97E}.Debug|Any CPU.Build.0 = Debug|Any CPU
		{C47CDC54-F1A1-4D85-A1FF-75697C21A97E}.Release|Any CPU.ActiveCfg = Release|Any CPU
		{C47CDC54-F1A1-4D85-A1FF-75697C21A97E}.Release|Any CPU.Build.0 = Release|Any CPU
		{7E13A76B-1F8A-4415-A5E8-DD35A63A2BE3}.Debug|Any CPU.ActiveCfg = Debug|Any CPU
		{7E13A76B-1F8A-4415-A5E8-DD35A63A2BE3}.Debug|Any CPU.Build.0 = Debug|Any CPU
		{7E13A76B-1F8A-4415-A5E8-DD35A63A2BE3}.Release|Any CPU.ActiveCfg = Release|Any CPU
		{7E13A76B-1F8A-4415-A5E8-DD35A63A2BE3}.Release|Any CPU.Build.0 = Release|Any CPU
		{C626A652-C7EE-443B-BF72-93140EB05856}.Debug|Any CPU.ActiveCfg = Debug|Any CPU
		{C626A652-C7EE-443B-BF72-93140EB05856}.Debug|Any CPU.Build.0 = Debug|Any CPU
		{C626A652-C7EE-443B-BF72-93140EB05856}.Release|Any CPU.ActiveCfg = Release|Any CPU
		{C626A652-C7EE-443B-BF72-93140EB05856}.Release|Any CPU.Build.0 = Release|Any CPU
	EndGlobalSection
	GlobalSection(SolutionProperties) = preSolution
		HideSolutionNode = FALSE
	EndGlobalSection
	GlobalSection(ExtensibilityGlobals) = postSolution
		SolutionGuid = {CFCF858B-442C-4D4E-A33D-4D20006DF6AB}
	EndGlobalSection
EndGlobal
